// !$*UTF8*$!
{
	archiveVersion = 1;
	classes = {
	};
	objectVersion = 46;
	objects = {

/* Begin PBXBuildFile section */
		48422AB51DB40198001DDD93 /* AppDelegate.swift in Sources */ = {isa = PBXBuildFile; fileRef = 48422AB41DB40198001DDD93 /* AppDelegate.swift */; };
		48422ABA1DB40198001DDD93 /* Main.storyboard in Resources */ = {isa = PBXBuildFile; fileRef = 48422AB81DB40198001DDD93 /* Main.storyboard */; };
		48422ABC1DB40198001DDD93 /* Assets.xcassets in Resources */ = {isa = PBXBuildFile; fileRef = 48422ABB1DB40198001DDD93 /* Assets.xcassets */; };
		48422ABF1DB40198001DDD93 /* LaunchScreen.storyboard in Resources */ = {isa = PBXBuildFile; fileRef = 48422ABD1DB40198001DDD93 /* LaunchScreen.storyboard */; };
		48422AC71DB40B75001DDD93 /* StartingViewController.swift in Sources */ = {isa = PBXBuildFile; fileRef = 48422AC61DB40B75001DDD93 /* StartingViewController.swift */; };
		48422AC91DB4142C001DDD93 /* RegistrationViewController.swift in Sources */ = {isa = PBXBuildFile; fileRef = 48422AC81DB4142C001DDD93 /* RegistrationViewController.swift */; };
		48422ACB1DB41697001DDD93 /* SeasonsTransitionAnimator.swift in Sources */ = {isa = PBXBuildFile; fileRef = 48422ACA1DB41697001DDD93 /* SeasonsTransitionAnimator.swift */; };
		48422ACD1DB416C6001DDD93 /* SeasonsTransitionDelegate.swift in Sources */ = {isa = PBXBuildFile; fileRef = 48422ACC1DB416C6001DDD93 /* SeasonsTransitionDelegate.swift */; };
		485E5CB61DB556BC00B8BD7E /* SeasonsTitleView.swift in Sources */ = {isa = PBXBuildFile; fileRef = 485E5CB51DB556BC00B8BD7E /* SeasonsTitleView.swift */; };
		485E5CB91DB55A5D00B8BD7E /* UIColor+Seasons.swift in Sources */ = {isa = PBXBuildFile; fileRef = 485E5CB81DB55A5D00B8BD7E /* UIColor+Seasons.swift */; };
/* End PBXBuildFile section */

/* Begin PBXFileReference section */
		48422AB11DB40198001DDD93 /* Seasons.app */ = {isa = PBXFileReference; explicitFileType = wrapper.application; includeInIndex = 0; path = Seasons.app; sourceTree = BUILT_PRODUCTS_DIR; };
		48422AB41DB40198001DDD93 /* AppDelegate.swift */ = {isa = PBXFileReference; lastKnownFileType = sourcecode.swift; path = AppDelegate.swift; sourceTree = "<group>"; };
		48422AB91DB40198001DDD93 /* Base */ = {isa = PBXFileReference; lastKnownFileType = file.storyboard; name = Base; path = Base.lproj/Main.storyboard; sourceTree = "<group>"; };
		48422ABB1DB40198001DDD93 /* Assets.xcassets */ = {isa = PBXFileReference; lastKnownFileType = folder.assetcatalog; path = Assets.xcassets; sourceTree = "<group>"; };
		48422ABE1DB40198001DDD93 /* Base */ = {isa = PBXFileReference; lastKnownFileType = file.storyboard; name = Base; path = Base.lproj/LaunchScreen.storyboard; sourceTree = "<group>"; };
		48422AC01DB40198001DDD93 /* Info.plist */ = {isa = PBXFileReference; lastKnownFileType = text.plist.xml; path = Info.plist; sourceTree = "<group>"; };
		48422AC61DB40B75001DDD93 /* StartingViewController.swift */ = {isa = PBXFileReference; fileEncoding = 4; lastKnownFileType = sourcecode.swift; path = StartingViewController.swift; sourceTree = "<group>"; };
		48422AC81DB4142C001DDD93 /* RegistrationViewController.swift */ = {isa = PBXFileReference; fileEncoding = 4; lastKnownFileType = sourcecode.swift; path = RegistrationViewController.swift; sourceTree = "<group>"; };
		48422ACA1DB41697001DDD93 /* SeasonsTransitionAnimator.swift */ = {isa = PBXFileReference; fileEncoding = 4; lastKnownFileType = sourcecode.swift; path = SeasonsTransitionAnimator.swift; sourceTree = "<group>"; };
		48422ACC1DB416C6001DDD93 /* SeasonsTransitionDelegate.swift */ = {isa = PBXFileReference; fileEncoding = 4; lastKnownFileType = sourcecode.swift; path = SeasonsTransitionDelegate.swift; sourceTree = "<group>"; };
		485E5CB51DB556BC00B8BD7E /* SeasonsTitleView.swift */ = {isa = PBXFileReference; fileEncoding = 4; lastKnownFileType = sourcecode.swift; path = SeasonsTitleView.swift; sourceTree = "<group>"; };
		485E5CB81DB55A5D00B8BD7E /* UIColor+Seasons.swift */ = {isa = PBXFileReference; fileEncoding = 4; lastKnownFileType = sourcecode.swift; path = "UIColor+Seasons.swift"; sourceTree = "<group>"; };
/* End PBXFileReference section */

/* Begin PBXFrameworksBuildPhase section */
		48422AAE1DB40198001DDD93 /* Frameworks */ = {
			isa = PBXFrameworksBuildPhase;
			buildActionMask = 2147483647;
			files = (
			);
			runOnlyForDeploymentPostprocessing = 0;
		};
/* End PBXFrameworksBuildPhase section */

/* Begin PBXGroup section */
		48422AA81DB40198001DDD93 = {
			isa = PBXGroup;
			children = (
				48422AB31DB40198001DDD93 /* CustomTransitions */,
				48422AB21DB40198001DDD93 /* Products */,
			);
			sourceTree = "<group>";
		};
		48422AB21DB40198001DDD93 /* Products */ = {
			isa = PBXGroup;
			children = (
				48422AB11DB40198001DDD93 /* Seasons.app */,
			);
			name = Products;
			sourceTree = "<group>";
		};
		48422AB31DB40198001DDD93 /* CustomTransitions */ = {
			isa = PBXGroup;
			children = (
				48422AB81DB40198001DDD93 /* Main.storyboard */,
				485E5CB71DB55A3B00B8BD7E /* Extensions */,
				48422ACE1DB41E58001DDD93 /* Custom Views */,
				485E5CBB1DB5661400B8BD7E /* View Controllers */,
				485E5CBC1DB5663700B8BD7E /* Transitions */,
				485E5CBA1DB5660500B8BD7E /* Supporting Files */,
			);
			path = CustomTransitions;
			sourceTree = "<group>";
		};
		48422ACE1DB41E58001DDD93 /* Custom Views */ = {
			isa = PBXGroup;
			children = (
				485E5CB51DB556BC00B8BD7E /* SeasonsTitleView.swift */,
			);
			name = "Custom Views";
			sourceTree = "<group>";
		};
		485E5CB71DB55A3B00B8BD7E /* Extensions */ = {
			isa = PBXGroup;
			children = (
				485E5CB81DB55A5D00B8BD7E /* UIColor+Seasons.swift */,
			);
			name = Extensions;
			sourceTree = "<group>";
		};
		485E5CBA1DB5660500B8BD7E /* Supporting Files */ = {
			isa = PBXGroup;
			children = (
				48422AB41DB40198001DDD93 /* AppDelegate.swift */,
				48422ABB1DB40198001DDD93 /* Assets.xcassets */,
				48422ABD1DB40198001DDD93 /* LaunchScreen.storyboard */,
				48422AC01DB40198001DDD93 /* Info.plist */,
			);
			name = "Supporting Files";
			sourceTree = "<group>";
		};
		485E5CBB1DB5661400B8BD7E /* View Controllers */ = {
			isa = PBXGroup;
			children = (
				48422AC61DB40B75001DDD93 /* StartingViewController.swift */,
				48422AC81DB4142C001DDD93 /* RegistrationViewController.swift */,
			);
			name = "View Controllers";
			sourceTree = "<group>";
		};
		485E5CBC1DB5663700B8BD7E /* Transitions */ = {
			isa = PBXGroup;
			children = (
				48422ACA1DB41697001DDD93 /* SeasonsTransitionAnimator.swift */,
				48422ACC1DB416C6001DDD93 /* SeasonsTransitionDelegate.swift */,
			);
			name = Transitions;
			sourceTree = "<group>";
		};
/* End PBXGroup section */

/* Begin PBXNativeTarget section */
		48422AB01DB40198001DDD93 /* Seasons */ = {
			isa = PBXNativeTarget;
			buildConfigurationList = 48422AC31DB40198001DDD93 /* Build configuration list for PBXNativeTarget "Seasons" */;
			buildPhases = (
				48422AAD1DB40198001DDD93 /* Sources */,
				48422AAE1DB40198001DDD93 /* Frameworks */,
				48422AAF1DB40198001DDD93 /* Resources */,
			);
			buildRules = (
			);
			dependencies = (
			);
			name = Seasons;
			productName = CustomTransitions;
			productReference = 48422AB11DB40198001DDD93 /* Seasons.app */;
			productType = "com.apple.product-type.application";
		};
/* End PBXNativeTarget section */

/* Begin PBXProject section */
		48422AA91DB40198001DDD93 /* Project object */ = {
			isa = PBXProject;
			attributes = {
				LastSwiftUpdateCheck = 0800;
				LastUpgradeCheck = 0800;
				ORGANIZATIONNAME = "Adam Jawer";
				TargetAttributes = {
					48422AB01DB40198001DDD93 = {
						CreatedOnToolsVersion = 8.0;
						ProvisioningStyle = Automatic;
					};
				};
			};
			buildConfigurationList = 48422AAC1DB40198001DDD93 /* Build configuration list for PBXProject "CustomTransitions" */;
			compatibilityVersion = "Xcode 3.2";
			developmentRegion = English;
			hasScannedForEncodings = 0;
			knownRegions = (
				en,
				Base,
			);
			mainGroup = 48422AA81DB40198001DDD93;
			productRefGroup = 48422AB21DB40198001DDD93 /* Products */;
			projectDirPath = "";
			projectRoot = "";
			targets = (
				48422AB01DB40198001DDD93 /* Seasons */,
			);
		};
/* End PBXProject section */

/* Begin PBXResourcesBuildPhase section */
		48422AAF1DB40198001DDD93 /* Resources */ = {
			isa = PBXResourcesBuildPhase;
			buildActionMask = 2147483647;
			files = (
				48422ABF1DB40198001DDD93 /* LaunchScreen.storyboard in Resources */,
				48422ABC1DB40198001DDD93 /* Assets.xcassets in Resources */,
				48422ABA1DB40198001DDD93 /* Main.storyboard in Resources */,
			);
			runOnlyForDeploymentPostprocessing = 0;
		};
/* End PBXResourcesBuildPhase section */

/* Begin PBXSourcesBuildPhase section */
		48422AAD1DB40198001DDD93 /* Sources */ = {
			isa = PBXSourcesBuildPhase;
			buildActionMask = 2147483647;
			files = (
				485E5CB91DB55A5D00B8BD7E /* UIColor+Seasons.swift in Sources */,
				48422ACB1DB41697001DDD93 /* SeasonsTransitionAnimator.swift in Sources */,
				48422AC91DB4142C001DDD93 /* RegistrationViewController.swift in Sources */,
				485E5CB61DB556BC00B8BD7E /* SeasonsTitleView.swift in Sources */,
				48422ACD1DB416C6001DDD93 /* SeasonsTransitionDelegate.swift in Sources */,
				48422AC71DB40B75001DDD93 /* StartingViewController.swift in Sources */,
				48422AB51DB40198001DDD93 /* AppDelegate.swift in Sources */,
			);
			runOnlyForDeploymentPostprocessing = 0;
		};
/* End PBXSourcesBuildPhase section */

/* Begin PBXVariantGroup section */
		48422AB81DB40198001DDD93 /* Main.storyboard */ = {
			isa = PBXVariantGroup;
			children = (
				48422AB91DB40198001DDD93 /* Base */,
			);
			name = Main.storyboard;
			sourceTree = "<group>";
		};
		48422ABD1DB40198001DDD93 /* LaunchScreen.storyboard */ = {
			isa = PBXVariantGroup;
			children = (
				48422ABE1DB40198001DDD93 /* Base */,
			);
			name = LaunchScreen.storyboard;
			sourceTree = "<group>";
		};
/* End PBXVariantGroup section */

/* Begin XCBuildConfiguration section */
		48422AC11DB40198001DDD93 /* Debug */ = {
			isa = XCBuildConfiguration;
			buildSettings = {
				ALWAYS_SEARCH_USER_PATHS = NO;
				CLANG_ANALYZER_NONNULL = YES;
				CLANG_CXX_LANGUAGE_STANDARD = "gnu++0x";
				CLANG_CXX_LIBRARY = "libc++";
				CLANG_ENABLE_MODULES = YES;
				CLANG_ENABLE_OBJC_ARC = YES;
				CLANG_WARN_BOOL_CONVERSION = YES;
				CLANG_WARN_CONSTANT_CONVERSION = YES;
				CLANG_WARN_DIRECT_OBJC_ISA_USAGE = YES_ERROR;
				CLANG_WARN_DOCUMENTATION_COMMENTS = YES;
				CLANG_WARN_EMPTY_BODY = YES;
				CLANG_WARN_ENUM_CONVERSION = YES;
				CLANG_WARN_INFINITE_RECURSION = YES;
				CLANG_WARN_INT_CONVERSION = YES;
				CLANG_WARN_OBJC_ROOT_CLASS = YES_ERROR;
				CLANG_WARN_SUSPICIOUS_MOVES = YES;
				CLANG_WARN_UNREACHABLE_CODE = YES;
				CLANG_WARN__DUPLICATE_METHOD_MATCH = YES;
				"CODE_SIGN_IDENTITY[sdk=iphoneos*]" = "iPhone Developer";
				COPY_PHASE_STRIP = NO;
				DEBUG_INFORMATION_FORMAT = dwarf;
				ENABLE_STRICT_OBJC_MSGSEND = YES;
				ENABLE_TESTABILITY = YES;
				GCC_C_LANGUAGE_STANDARD = gnu99;
				GCC_DYNAMIC_NO_PIC = NO;
				GCC_NO_COMMON_BLOCKS = YES;
				GCC_OPTIMIZATION_LEVEL = 0;
				GCC_PREPROCESSOR_DEFINITIONS = (
					"DEBUG=1",
					"$(inherited)",
				);
				GCC_WARN_64_TO_32_BIT_CONVERSION = YES;
				GCC_WARN_ABOUT_RETURN_TYPE = YES_ERROR;
				GCC_WARN_UNDECLARED_SELECTOR = YES;
				GCC_WARN_UNINITIALIZED_AUTOS = YES_AGGRESSIVE;
				GCC_WARN_UNUSED_FUNCTION = YES;
				GCC_WARN_UNUSED_VARIABLE = YES;
				IPHONEOS_DEPLOYMENT_TARGET = 10.0;
				MTL_ENABLE_DEBUG_INFO = YES;
				ONLY_ACTIVE_ARCH = YES;
				SDKROOT = iphoneos;
				SWIFT_ACTIVE_COMPILATION_CONDITIONS = DEBUG;
				SWIFT_OPTIMIZATION_LEVEL = "-Onone";
			};
			name = Debug;
		};
		48422AC21DB40198001DDD93 /* Release */ = {
			isa = XCBuildConfiguration;
			buildSettings = {
				ALWAYS_SEARCH_USER_PATHS = NO;
				CLANG_ANALYZER_NONNULL = YES;
				CLANG_CXX_LANGUAGE_STANDARD = "gnu++0x";
				CLANG_CXX_LIBRARY = "libc++";
				CLANG_ENABLE_MODULES = YES;
				CLANG_ENABLE_OBJC_ARC = YES;
				CLANG_WARN_BOOL_CONVERSION = YES;
				CLANG_WARN_CONSTANT_CONVERSION = YES;
				CLANG_WARN_DIRECT_OBJC_ISA_USAGE = YES_ERROR;
				CLANG_WARN_DOCUMENTATION_COMMENTS = YES;
				CLANG_WARN_EMPTY_BODY = YES;
				CLANG_WARN_ENUM_CONVERSION = YES;
				CLANG_WARN_INFINITE_RECURSION = YES;
				CLANG_WARN_INT_CONVERSION = YES;
				CLANG_WARN_OBJC_ROOT_CLASS = YES_ERROR;
				CLANG_WARN_SUSPICIOUS_MOVES = YES;
				CLANG_WARN_UNREACHABLE_CODE = YES;
				CLANG_WARN__DUPLICATE_METHOD_MATCH = YES;
				"CODE_SIGN_IDENTITY[sdk=iphoneos*]" = "iPhone Developer";
				COPY_PHASE_STRIP = NO;
				DEBUG_INFORMATION_FORMAT = "dwarf-with-dsym";
				ENABLE_NS_ASSERTIONS = NO;
				ENABLE_STRICT_OBJC_MSGSEND = YES;
				GCC_C_LANGUAGE_STANDARD = gnu99;
				GCC_NO_COMMON_BLOCKS = YES;
				GCC_WARN_64_TO_32_BIT_CONVERSION = YES;
				GCC_WARN_ABOUT_RETURN_TYPE = YES_ERROR;
				GCC_WARN_UNDECLARED_SELECTOR = YES;
				GCC_WARN_UNINITIALIZED_AUTOS = YES_AGGRESSIVE;
				GCC_WARN_UNUSED_FUNCTION = YES;
				GCC_WARN_UNUSED_VARIABLE = YES;
				IPHONEOS_DEPLOYMENT_TARGET = 10.0;
				MTL_ENABLE_DEBUG_INFO = NO;
				SDKROOT = iphoneos;
				SWIFT_OPTIMIZATION_LEVEL = "-Owholemodule";
				VALIDATE_PRODUCT = YES;
			};
			name = Release;
		};
		48422AC41DB40198001DDD93 /* Debug */ = {
			isa = XCBuildConfiguration;
			buildSettings = {
				ASSETCATALOG_COMPILER_APPICON_NAME = AppIcon;
				INFOPLIST_FILE = CustomTransitions/Info.plist;
				LD_RUNPATH_SEARCH_PATHS = "$(inherited) @executable_path/Frameworks";
				PRODUCT_BUNDLE_IDENTIFIER = com.adamjawer.Seasons;
				PRODUCT_NAME = "$(TARGET_NAME)";
				SWIFT_VERSION = 3.0;
			};
			name = Debug;
		};
		48422AC51DB40198001DDD93 /* Release */ = {
			isa = XCBuildConfiguration;
			buildSettings = {
				ASSETCATALOG_COMPILER_APPICON_NAME = AppIcon;
				INFOPLIST_FILE = CustomTransitions/Info.plist;
				LD_RUNPATH_SEARCH_PATHS = "$(inherited) @executable_path/Frameworks";
				PRODUCT_BUNDLE_IDENTIFIER = com.adamjawer.Seasons;
				PRODUCT_NAME = "$(TARGET_NAME)";
				SWIFT_VERSION = 3.0;
			};
			name = Release;
		};
/* End XCBuildConfiguration section */

/* Begin XCConfigurationList section */
		48422AAC1DB40198001DDD93 /* Build configuration list for PBXProject "CustomTransitions" */ = {
			isa = XCConfigurationList;
			buildConfigurations = (
				48422AC11DB40198001DDD93 /* Debug */,
				48422AC21DB40198001DDD93 /* Release */,
			);
			defaultConfigurationIsVisible = 0;
			defaultConfigurationName = Release;
		};
		48422AC31DB40198001DDD93 /* Build configuration list for PBXNativeTarget "Seasons" */ = {
			isa = XCConfigurationList;
			buildConfigurations = (
				48422AC41DB40198001DDD93 /* Debug */,
				48422AC51DB40198001DDD93 /* Release */,
			);
			defaultConfigurationIsVisible = 0;
			defaultConfigurationName = Release;
		};
/* End XCConfigurationList section */
	};
	rootObject = 48422AA91DB40198001DDD93 /* Project object */;
}
